<?xml version="1.0" encoding="UTF-8" standalone="yes" ?>
<CodeBlocks_project_file>
	<FileVersion major="1" minor="6" />
	<Project>
		<Option title="GPPCSCConnectionPlugin" />
		<Option pch_mode="2" />
		<Option compiler="gcc" />
		<Build>
			<Script file="lib_finder.script" />
			<Target title="Debug Win">
				<Option platforms="Windows;" />
				<Option output="Debug/GPPCSCConnectionPlugin" prefix_auto="1" extension_auto="1" />
				<Option object_output="Debug/" />
				<Option type="3" />
				<Option compiler="msvc8" />
				<Option createDefFile="1" />
				<Option createStaticLib="1" />
				<Compiler>
					<Add option="/MDd" />
					<Add option="/TC" />
					<Add option="/Gd" />
					<Add option="/RTC1" />
					<Add option="/W2" />
					<Add option="/Zi /D_DEBUG" />
					<Add option="/DDEBUG" />
					<Add option="/DUNICODE" />
					<Add option="/DWIN32" />
					<Add option="/DOPGP_PL_EXPORTS" />
					<Add directory="../globalplatform/src" />
					<Add directory="C:/Programme/Microsoft Visual Studio 9.0/VC/include" />
				</Compiler>
				<ResourceCompiler>
					<Add directory="C:/Programme/Microsoft Visual Studio 9.0/VC/include" />
				</ResourceCompiler>
				<Linker>
					<Add option="/DEBUG" />
					<Add library="winscard" />
					<Add library="globalplatform" />
					<Add directory="C:/Programme/Microsoft Platform SDK for Windows Server 2003 R2/Lib" />
					<Add directory="C:/Programme/Microsoft Visual Studio 9.0/VC/lib" />
					<Add directory="../globalplatform/Debug" />
				</Linker>
			</Target>
			<Target title="Release Win">
				<Option platforms="Windows;" />
				<Option output="Release/GPPCSCConnectionPlugin" prefix_auto="1" extension_auto="1" />
				<Option object_output="Release/" />
				<Option type="3" />
				<Option compiler="msvc8" />
				<Option createDefFile="1" />
				<Option createStaticLib="1" />
				<Compiler>
					<Add option="/MD" />
					<Add option="/TC" />
					<Add option="/Gd" />
					<Add option="/GS" />
					<Add option="/O2" />
					<Add option="/W2" />
					<Add option="/DUNICODE" />
					<Add option="/DWIN32" />
					<Add option="/DOPGP_PL_EXPORTS" />
					<Add directory="../globalplatform/src" />
					<Add directory="C:/Programme/Microsoft Visual Studio 9.0/VC/include" />
				</Compiler>
				<ResourceCompiler>
					<Add directory="C:/Programme/Microsoft Visual Studio 9.0/VC/include" />
				</ResourceCompiler>
				<Linker>
					<Add library="winscard" />
					<Add library="globalplatform" />
					<Add directory="C:/Programme/Microsoft Platform SDK for Windows Server 2003 R2/Lib" />
					<Add directory="C:/Programme/Microsoft Visual Studio 9.0/VC/lib" />
					<Add directory="../globalplatform/Release" />
				</Linker>
			</Target>
			<Target title="Linux">
				<Option platforms="Unix;Mac;" />
				<Option output="GPPCSCConnectionPlugin" prefix_auto="1" extension_auto="1" />
				<Option object_output="./objs" />
				<Option type="3" />
				<Option compiler="gcc" />
				<Option createDefFile="1" />
				<Option createStaticLib="1" />
				<Compiler>
					<Add option="-O2" />
					<Add option="-Wfatal-errors" />
					<Add option="-W" />
					<Add option="-g" />
					<Add option="-fPIC" />
				</Compiler>
			</Target>
			<Target title="Linux Test">
				<Option platforms="Unix;Mac;" />
				<Option output="GPPCSCConnectionPluginTest" prefix_auto="1" extension_auto="1" />
				<Option object_output="./objs" />
				<Option type="1" />
				<Option compiler="gcc" />
				<Compiler>
					<Add option="-O2" />
					<Add option="-Wfatal-errors" />
					<Add option="-W" />
					<Add option="-g" />
				</Compiler>
			</Target>
		</Build>
		<Compiler>
			<Add option="-Wall" />
		</Compiler>
		<Unit filename="AUTHORS">
			<Option target="&lt;{~None~}&gt;" />
		</Unit>
		<Unit filename="COPYING">
			<Option target="&lt;{~None~}&gt;" />
		</Unit>
		<Unit filename="COPYING.LESSER">
			<Option target="&lt;{~None~}&gt;" />
		</Unit>
		<Unit filename="ChangeLog">
			<Option target="&lt;{~None~}&gt;" />
		</Unit>
		<Unit filename="INSTALL">
			<Option target="&lt;{~None~}&gt;" />
		</Unit>
		<Unit filename="INSTALL.w32">
			<Option target="&lt;{~None~}&gt;" />
		</Unit>
		<Unit filename="Makefile.am">
			<Option target="&lt;{~None~}&gt;" />
		</Unit>
		<Unit filename="Makefile.in">
			<Option target="&lt;{~None~}&gt;" />
		</Unit>
		<Unit filename="Makefile.mak">
			<Option target="&lt;{~None~}&gt;" />
		</Unit>
		<Unit filename="NEWS">
			<Option target="&lt;{~None~}&gt;" />
		</Unit>
		<Unit filename="README">
			<Option target="&lt;{~None~}&gt;" />
		</Unit>
		<Unit filename="configure.in">
			<Option target="&lt;{~None~}&gt;" />
		</Unit>
		<Unit filename="debian/changelog">
			<Option target="&lt;{~None~}&gt;" />
		</Unit>
		<Unit filename="debian/compat">
			<Option target="&lt;{~None~}&gt;" />
		</Unit>
		<Unit filename="debian/control">
			<Option target="&lt;{~None~}&gt;" />
		</Unit>
		<Unit filename="debian/copyright">
			<Option target="&lt;{~None~}&gt;" />
		</Unit>
		<Unit filename="debian/libgppcscconnectionplugin1.docs">
			<Option target="&lt;{~None~}&gt;" />
		</Unit>
		<Unit filename="debian/libgppcscconnectionplugin1.install">
			<Option target="&lt;{~None~}&gt;" />
		</Unit>
		<Unit filename="debian/rules">
			<Option target="&lt;{~None~}&gt;" />
		</Unit>
		<Unit filename="debian/watch">
			<Option target="&lt;{~None~}&gt;" />
		</Unit>
		<Unit filename="lib_finder.script">
			<Option target="&lt;{~None~}&gt;" />
		</Unit>
		<Unit filename="make.bat">
			<Option target="&lt;{~None~}&gt;" />
		</Unit>
		<Unit filename="reconf">
			<Option target="&lt;{~None~}&gt;" />
		</Unit>
		<Unit filename="src/DLLMain.c">
			<Option compilerVar="CC" />
			<Option target="Debug Win" />
			<Option target="Release Win" />
		</Unit>
		<Unit filename="src/Doxyfile.cfg">
			<Option target="&lt;{~None~}&gt;" />
		</Unit>
		<Unit filename="src/Makefile">
			<Option target="&lt;{~None~}&gt;" />
		</Unit>
		<Unit filename="src/Makefile.am">
			<Option target="&lt;{~None~}&gt;" />
		</Unit>
		<Unit filename="src/Makefile.in">
			<Option target="&lt;{~None~}&gt;" />
		</Unit>
		<Unit filename="src/Makefile.mak">
			<Option target="&lt;{~None~}&gt;" />
		</Unit>
		<Unit filename="src/gppcscconnectionplugin.c">
			<Option compilerVar="CC" />
			<Option target="Debug Win" />
			<Option target="Release Win" />
			<Option target="Linux" />
		</Unit>
		<Unit filename="src/gppcscconnectionplugin.h">
			<Option target="Debug Win" />
			<Option target="Release Win" />
			<Option target="Linux" />
		</Unit>
		<Unit filename="src/gppcscconnectionpluginTest.c">
			<Option compilerVar="CC" />
			<Option target="Linux Test" />
		</Unit>
		<Unit filename="src/resource.h">
			<Option target="Debug Win" />
			<Option target="Release Win" />
		</Unit>
		<Unit filename="src/stdafx.c">
			<Option compilerVar="CC" />
			<Option target="Debug Win" />
			<Option target="Release Win" />
		</Unit>
		<Unit filename="src/stdafx.h">
			<Option target="Debug Win" />
			<Option target="Release Win" />
		</Unit>
		<Unit filename="src/util.c">
			<Option compilerVar="CC" />
			<Option target="Debug Win" />
			<Option target="Release Win" />
			<Option target="Linux" />
		</Unit>
		<Unit filename="src/util.h">
			<Option target="Debug Win" />
			<Option target="Release Win" />
			<Option target="Linux" />
		</Unit>
		<Unit filename="src/version.rc">
			<Option compilerVar="WINDRES" />
			<Option target="Debug Win" />
			<Option target="Release Win" />
		</Unit>
		<Extensions>
			<envvars set="globalplatform" />
			<code_completion />
			<lib_finder disable_auto="1" />
			<debugger />
		</Extensions>
	</Project>
</CodeBlocks_project_file>
