Microsoft Visual Studio Solution File, Format Version 9.00
# Visual C++ Express 2005
Project("{8BC9CEB8-8B4A-11D0-8D11-00A0C91BC942}") = "GlobalPlatform", "GlobalPlatform.vcproj", "{1ECD7D44-4233-42CD-A4BB-EE2EB0BD12C7}"
EndProject
Project("{8BC9CEB8-8B4A-11D0-8D11-00A0C91BC942}") = "GlobalPlatformWrapper", "GlobalPlatformWrapper\GlobalPlatformWrapper.vcproj", "{A852FBAC-DC39-43FA-8B1E-067912A0F085}"
	ProjectSection(ProjectDependencies) = postProject
		{1ECD7D44-4233-42CD-A4BB-EE2EB0BD12C7} = {1ECD7D44-4233-42CD-A4BB-EE2EB0BD12C7}
	EndProjectSection
EndProject
Global
	GlobalSection(SolutionConfigurationPlatforms) = preSolution
		Debug|Win32 = Debug|Win32
		Release|Win32 = Release|Win32
	EndGlobalSection
	GlobalSection(ProjectConfigurationPlatforms) = postSolution
		{1ECD7D44-4233-42CD-A4BB-EE2EB0BD12C7}.Debug|Win32.ActiveCfg = Debug|Win32
		{1ECD7D44-4233-42CD-A4BB-EE2EB0BD12C7}.Debug|Win32.Build.0 = Debug|Win32
		{1ECD7D44-4233-42CD-A4BB-EE2EB0BD12C7}.Release|Win32.ActiveCfg = Release|Win32
		{1ECD7D44-4233-42CD-A4BB-EE2EB0BD12C7}.Release|Win32.Build.0 = Release|Win32
		{A852FBAC-DC39-43FA-8B1E-067912A0F085}.Debug|Win32.ActiveCfg = Debug|Win32
		{A852FBAC-DC39-43FA-8B1E-067912A0F085}.Debug|Win32.Build.0 = Debug|Win32
		{A852FBAC-DC39-43FA-8B1E-067912A0F085}.Release|Win32.ActiveCfg = Release|Win32
		{A852FBAC-DC39-43FA-8B1E-067912A0F085}.Release|Win32.Build.0 = Release|Win32
	EndGlobalSection
	GlobalSection(SolutionProperties) = preSolution
		HideSolutionNode = FALSE
	EndGlobalSection
EndGlobal
